// !$*UTF8*$!
{
	archiveVersion = 1;
	classes = {
	};
	objectVersion = 55;
	objects = {

/* Begin PBXBuildFile section */
		2F6579FE288445D600C8D005 /* ValidateColorInputViewModel .swift in Sources */ = {isa = PBXBuildFile; fileRef = 2F6579FD288445D600C8D005 /* ValidateColorInputViewModel .swift */; };
		2F657A0028844F0700C8D005 /* ValidateInputDelegate.swift in Sources */ = {isa = PBXBuildFile; fileRef = 2F6579FF28844F0700C8D005 /* ValidateInputDelegate.swift */; };
		2F657A022885571E00C8D005 /* Constants.swift in Sources */ = {isa = PBXBuildFile; fileRef = 2F657A012885571E00C8D005 /* Constants.swift */; };
		2F657A0528858D6B00C8D005 /* AddColorViewModel .swift in Sources */ = {isa = PBXBuildFile; fileRef = 2F657A0428858D6B00C8D005 /* AddColorViewModel .swift */; };
		2F657A072886EC9600C8D005 /* ColorTable+Extension.swift in Sources */ = {isa = PBXBuildFile; fileRef = 2F657A062886EC9600C8D005 /* ColorTable+Extension.swift */; };
		2F657A092886F7E400C8D005 /* UIColor+Extension.swift in Sources */ = {isa = PBXBuildFile; fileRef = 2F657A082886F7E400C8D005 /* UIColor+Extension.swift */; };
		2F657A192886FCAC00C8D005 /* Localizable.strings in Resources */ = {isa = PBXBuildFile; fileRef = 2F657A1B2886FCAC00C8D005 /* Localizable.strings */; };
		2F694C78288748290072E27E /* String+Localizable.swift in Sources */ = {isa = PBXBuildFile; fileRef = 2F694C77288748290072E27E /* String+Localizable.swift */; };
		2F694C7A2887F1E20072E27E /* ColorInfoViewModel.swift in Sources */ = {isa = PBXBuildFile; fileRef = 2F694C792887F1E20072E27E /* ColorInfoViewModel.swift */; };
		2F694C7C28882C9B0072E27E /* NotificationNameExtension.swift in Sources */ = {isa = PBXBuildFile; fileRef = 2F694C7B28882C9B0072E27E /* NotificationNameExtension.swift */; };
		2F961AC1286853F400B710B8 /* AppDelegate.swift in Sources */ = {isa = PBXBuildFile; fileRef = 2F961AC0286853F400B710B8 /* AppDelegate.swift */; };
		2F961AC3286853F400B710B8 /* SceneDelegate.swift in Sources */ = {isa = PBXBuildFile; fileRef = 2F961AC2286853F400B710B8 /* SceneDelegate.swift */; };
		2F961AC8286853F400B710B8 /* Main.storyboard in Resources */ = {isa = PBXBuildFile; fileRef = 2F961AC6286853F400B710B8 /* Main.storyboard */; };
		2F961ACA286853F600B710B8 /* Assets.xcassets in Resources */ = {isa = PBXBuildFile; fileRef = 2F961AC9286853F600B710B8 /* Assets.xcassets */; };
		2F961ACD286853F600B710B8 /* LaunchScreen.storyboard in Resources */ = {isa = PBXBuildFile; fileRef = 2F961ACB286853F600B710B8 /* LaunchScreen.storyboard */; };
		2F961B102869B2BD00B710B8 /* Color.swift in Sources */ = {isa = PBXBuildFile; fileRef = 2F961B0F2869B2BD00B710B8 /* Color.swift */; };
		2F961B122869CD9300B710B8 /* ColorViewModel.swift in Sources */ = {isa = PBXBuildFile; fileRef = 2F961B112869CD9300B710B8 /* ColorViewModel.swift */; };
		2F961B142869DDE300B710B8 /* UIView+Extension.swift in Sources */ = {isa = PBXBuildFile; fileRef = 2F961B132869DDE300B710B8 /* UIView+Extension.swift */; };
		2F961B2A286AF59700B710B8 /* ColorCell.swift in Sources */ = {isa = PBXBuildFile; fileRef = 2F961B28286AF59700B710B8 /* ColorCell.swift */; };
		2F961B2B286AF59700B710B8 /* ColorCell.xib in Resources */ = {isa = PBXBuildFile; fileRef = 2F961B29286AF59700B710B8 /* ColorCell.xib */; };
		2F961B30286C598E00B710B8 /* DrawingUtils.swift in Sources */ = {isa = PBXBuildFile; fileRef = 2F961B2F286C598E00B710B8 /* DrawingUtils.swift */; };
		2F961B32286C5A6C00B710B8 /* UITableView+Extension.swift in Sources */ = {isa = PBXBuildFile; fileRef = 2F961B31286C5A6C00B710B8 /* UITableView+Extension.swift */; };
		2F961B37286C630700B710B8 /* ColorTableViewController.swift in Sources */ = {isa = PBXBuildFile; fileRef = 2F961B35286C630700B710B8 /* ColorTableViewController.swift */; };
		2F961B3A286C688100B710B8 /* ColorInfoViewController.swift in Sources */ = {isa = PBXBuildFile; fileRef = 2F961B39286C688100B710B8 /* ColorInfoViewController.swift */; };
		2F961B4428717C3C00B710B8 /* UIStoryboardExtension.swift in Sources */ = {isa = PBXBuildFile; fileRef = 2F961B4328717C3B00B710B8 /* UIStoryboardExtension.swift */; };
		2F961B4B287193B100B710B8 /* TitleTableViewCell.swift in Sources */ = {isa = PBXBuildFile; fileRef = 2F961B49287193B100B710B8 /* TitleTableViewCell.swift */; };
		2F961B4C287193B100B710B8 /* TitleTableViewCell.xib in Resources */ = {isa = PBXBuildFile; fileRef = 2F961B4A287193B100B710B8 /* TitleTableViewCell.xib */; };
		2F961B51287193D700B710B8 /* DescriptionTableViewCell.swift in Sources */ = {isa = PBXBuildFile; fileRef = 2F961B4F287193D700B710B8 /* DescriptionTableViewCell.swift */; };
		2F961B52287193D700B710B8 /* DescriptionTableViewCell.xib in Resources */ = {isa = PBXBuildFile; fileRef = 2F961B50287193D700B710B8 /* DescriptionTableViewCell.xib */; };
		2F961B55287193EB00B710B8 /* FavTableViewCell.swift in Sources */ = {isa = PBXBuildFile; fileRef = 2F961B53287193EB00B710B8 /* FavTableViewCell.swift */; };
		2F961B56287193EB00B710B8 /* FavTableViewCell.xib in Resources */ = {isa = PBXBuildFile; fileRef = 2F961B54287193EB00B710B8 /* FavTableViewCell.xib */; };
		2F961B5E28719E1700B710B8 /* AddColorViewController.swift in Sources */ = {isa = PBXBuildFile; fileRef = 2F961B5C28719E1700B710B8 /* AddColorViewController.swift */; };
		2F961B5F28719E1700B710B8 /* AddColorViewController.xib in Resources */ = {isa = PBXBuildFile; fileRef = 2F961B5D28719E1700B710B8 /* AddColorViewController.xib */; };
		2F961B612871A0A500B710B8 /* AddColor+TableView.swift in Sources */ = {isa = PBXBuildFile; fileRef = 2F961B602871A0A500B710B8 /* AddColor+TableView.swift */; };
		2F961B632871B2BC00B710B8 /* UIViewControllerExtension.swift in Sources */ = {isa = PBXBuildFile; fileRef = 2F961B622871B2BC00B710B8 /* UIViewControllerExtension.swift */; };
		2F961B652871C72F00B710B8 /* FavCell+DataSource.swift in Sources */ = {isa = PBXBuildFile; fileRef = 2F961B642871C72F00B710B8 /* FavCell+DataSource.swift */; };
		2F961B682871CB2700B710B8 /* FavColorCell.swift in Sources */ = {isa = PBXBuildFile; fileRef = 2F961B662871CB2700B710B8 /* FavColorCell.swift */; };
		2F961B692871CB2700B710B8 /* FavColorCell.xib in Resources */ = {isa = PBXBuildFile; fileRef = 2F961B672871CB2700B710B8 /* FavColorCell.xib */; };
		2F961B6C2871D33700B710B8 /* UICollectionView+Extension.swift in Sources */ = {isa = PBXBuildFile; fileRef = 2F961B6B2871D33700B710B8 /* UICollectionView+Extension.swift */; };
		2F961B7228757C1200B710B8 /* FavColorViewModel.swift in Sources */ = {isa = PBXBuildFile; fileRef = 2F961B7128757C1200B710B8 /* FavColorViewModel.swift */; };
		2F9EFE5728800E3000D2E262 /* AddColorDelegate.swift in Sources */ = {isa = PBXBuildFile; fileRef = 2F9EFE5628800E3000D2E262 /* AddColorDelegate.swift */; };
		2FA84813288C859E00AF4E1D /* ColorsCD.xcdatamodeld in Sources */ = {isa = PBXBuildFile; fileRef = 2F694C7D288C7AAD0072E27E /* ColorsCD.xcdatamodeld */; };
		2FA848542891407700AF4E1D /* ColorPickerViewController.swift in Sources */ = {isa = PBXBuildFile; fileRef = 2FA848522891407700AF4E1D /* ColorPickerViewController.swift */; };
		2FA848552891407700AF4E1D /* ColorPickerViewController.xib in Resources */ = {isa = PBXBuildFile; fileRef = 2FA848532891407700AF4E1D /* ColorPickerViewController.xib */; };
		2FA8485B2892C1B300AF4E1D /* CustomColorCell.swift in Sources */ = {isa = PBXBuildFile; fileRef = 2FA848592892C1B300AF4E1D /* CustomColorCell.swift */; };
		2FA8485C2892C1B300AF4E1D /* CustomColorCell.xib in Resources */ = {isa = PBXBuildFile; fileRef = 2FA8485A2892C1B300AF4E1D /* CustomColorCell.xib */; };
		2FA8485E2898DCF800AF4E1D /* CustomColorCellViewModel.swift in Sources */ = {isa = PBXBuildFile; fileRef = 2FA8485D2898DCF800AF4E1D /* CustomColorCellViewModel.swift */; };
		5542FD259B6D5C8B9391F06E /* Pods_multiViewTask.framework in Frameworks */ = {isa = PBXBuildFile; fileRef = 1EFD48E29838D36E78DC3EC9 /* Pods_multiViewTask.framework */; };
/* End PBXBuildFile section */

/* Begin PBXFileReference section */
		01E657070FC5F74169F57287 /* Pods-multiViewTask.release.xcconfig */ = {isa = PBXFileReference; includeInIndex = 1; lastKnownFileType = text.xcconfig; name = "Pods-multiViewTask.release.xcconfig"; path = "Target Support Files/Pods-multiViewTask/Pods-multiViewTask.release.xcconfig"; sourceTree = "<group>"; };
		1EFD48E29838D36E78DC3EC9 /* Pods_multiViewTask.framework */ = {isa = PBXFileReference; explicitFileType = wrapper.framework; includeInIndex = 0; path = Pods_multiViewTask.framework; sourceTree = BUILT_PRODUCTS_DIR; };
		2F6579FD288445D600C8D005 /* ValidateColorInputViewModel .swift */ = {isa = PBXFileReference; lastKnownFileType = sourcecode.swift; path = "ValidateColorInputViewModel .swift"; sourceTree = "<group>"; };
		2F6579FF28844F0700C8D005 /* ValidateInputDelegate.swift */ = {isa = PBXFileReference; lastKnownFileType = sourcecode.swift; path = ValidateInputDelegate.swift; sourceTree = "<group>"; };
		2F657A012885571E00C8D005 /* Constants.swift */ = {isa = PBXFileReference; lastKnownFileType = sourcecode.swift; path = Constants.swift; sourceTree = "<group>"; };
		2F657A0428858D6B00C8D005 /* AddColorViewModel .swift */ = {isa = PBXFileReference; lastKnownFileType = sourcecode.swift; path = "AddColorViewModel .swift"; sourceTree = "<group>"; };
		2F657A062886EC9600C8D005 /* ColorTable+Extension.swift */ = {isa = PBXFileReference; lastKnownFileType = sourcecode.swift; path = "ColorTable+Extension.swift"; sourceTree = "<group>"; };
		2F657A082886F7E400C8D005 /* UIColor+Extension.swift */ = {isa = PBXFileReference; lastKnownFileType = sourcecode.swift; path = "UIColor+Extension.swift"; sourceTree = "<group>"; };
		2F657A1A2886FCAC00C8D005 /* en */ = {isa = PBXFileReference; lastKnownFileType = text.plist.strings; name = en; path = en.lproj/Localizable.strings; sourceTree = "<group>"; };
		2F657A1C2886FCE300C8D005 /* ar */ = {isa = PBXFileReference; lastKnownFileType = text.plist.strings; name = ar; path = ar.lproj/Main.strings; sourceTree = "<group>"; };
		2F657A1D2886FCE400C8D005 /* ar */ = {isa = PBXFileReference; lastKnownFileType = text.plist.strings; name = ar; path = ar.lproj/LaunchScreen.strings; sourceTree = "<group>"; };
		2F657A1E2886FCE400C8D005 /* ar */ = {isa = PBXFileReference; lastKnownFileType = text.plist.strings; name = ar; path = ar.lproj/Localizable.strings; sourceTree = "<group>"; };
		2F694C77288748290072E27E /* String+Localizable.swift */ = {isa = PBXFileReference; lastKnownFileType = sourcecode.swift; path = "String+Localizable.swift"; sourceTree = "<group>"; };
		2F694C792887F1E20072E27E /* ColorInfoViewModel.swift */ = {isa = PBXFileReference; lastKnownFileType = sourcecode.swift; path = ColorInfoViewModel.swift; sourceTree = "<group>"; };
		2F694C7B28882C9B0072E27E /* NotificationNameExtension.swift */ = {isa = PBXFileReference; fileEncoding = 4; lastKnownFileType = sourcecode.swift; path = NotificationNameExtension.swift; sourceTree = "<group>"; };
		2F694C7E288C7AAD0072E27E /* ColorsCD.xcdatamodel */ = {isa = PBXFileReference; lastKnownFileType = wrapper.xcdatamodel; path = ColorsCD.xcdatamodel; sourceTree = "<group>"; };
		2F961ABD286853F400B710B8 /* multiViewTask.app */ = {isa = PBXFileReference; explicitFileType = wrapper.application; includeInIndex = 0; path = multiViewTask.app; sourceTree = BUILT_PRODUCTS_DIR; };
		2F961AC0286853F400B710B8 /* AppDelegate.swift */ = {isa = PBXFileReference; lastKnownFileType = sourcecode.swift; path = AppDelegate.swift; sourceTree = "<group>"; };
		2F961AC2286853F400B710B8 /* SceneDelegate.swift */ = {isa = PBXFileReference; lastKnownFileType = sourcecode.swift; path = SceneDelegate.swift; sourceTree = "<group>"; };
		2F961AC7286853F400B710B8 /* Base */ = {isa = PBXFileReference; lastKnownFileType = file.storyboard; name = Base; path = Base.lproj/Main.storyboard; sourceTree = "<group>"; };
		2F961AC9286853F600B710B8 /* Assets.xcassets */ = {isa = PBXFileReference; lastKnownFileType = folder.assetcatalog; path = Assets.xcassets; sourceTree = "<group>"; };
		2F961ACC286853F600B710B8 /* Base */ = {isa = PBXFileReference; lastKnownFileType = file.storyboard; name = Base; path = Base.lproj/LaunchScreen.storyboard; sourceTree = "<group>"; };
		2F961ACE286853F600B710B8 /* Info.plist */ = {isa = PBXFileReference; lastKnownFileType = text.plist.xml; path = Info.plist; sourceTree = "<group>"; };
		2F961B0F2869B2BD00B710B8 /* Color.swift */ = {isa = PBXFileReference; lastKnownFileType = sourcecode.swift; path = Color.swift; sourceTree = "<group>"; };
		2F961B112869CD9300B710B8 /* ColorViewModel.swift */ = {isa = PBXFileReference; lastKnownFileType = sourcecode.swift; path = ColorViewModel.swift; sourceTree = "<group>"; };
		2F961B132869DDE300B710B8 /* UIView+Extension.swift */ = {isa = PBXFileReference; fileEncoding = 4; lastKnownFileType = sourcecode.swift; path = "UIView+Extension.swift"; sourceTree = "<group>"; };
		2F961B28286AF59700B710B8 /* ColorCell.swift */ = {isa = PBXFileReference; lastKnownFileType = sourcecode.swift; path = ColorCell.swift; sourceTree = "<group>"; };
		2F961B29286AF59700B710B8 /* ColorCell.xib */ = {isa = PBXFileReference; lastKnownFileType = file.xib; path = ColorCell.xib; sourceTree = "<group>"; };
		2F961B2F286C598E00B710B8 /* DrawingUtils.swift */ = {isa = PBXFileReference; lastKnownFileType = sourcecode.swift; path = DrawingUtils.swift; sourceTree = "<group>"; };
		2F961B31286C5A6C00B710B8 /* UITableView+Extension.swift */ = {isa = PBXFileReference; lastKnownFileType = sourcecode.swift; path = "UITableView+Extension.swift"; sourceTree = "<group>"; };
		2F961B35286C630700B710B8 /* ColorTableViewController.swift */ = {isa = PBXFileReference; lastKnownFileType = sourcecode.swift; path = ColorTableViewController.swift; sourceTree = "<group>"; };
		2F961B39286C688100B710B8 /* ColorInfoViewController.swift */ = {isa = PBXFileReference; lastKnownFileType = sourcecode.swift; path = ColorInfoViewController.swift; sourceTree = "<group>"; };
		2F961B4328717C3B00B710B8 /* UIStoryboardExtension.swift */ = {isa = PBXFileReference; fileEncoding = 4; lastKnownFileType = sourcecode.swift; path = UIStoryboardExtension.swift; sourceTree = "<group>"; };
		2F961B49287193B100B710B8 /* TitleTableViewCell.swift */ = {isa = PBXFileReference; lastKnownFileType = sourcecode.swift; path = TitleTableViewCell.swift; sourceTree = "<group>"; };
		2F961B4A287193B100B710B8 /* TitleTableViewCell.xib */ = {isa = PBXFileReference; lastKnownFileType = file.xib; path = TitleTableViewCell.xib; sourceTree = "<group>"; };
		2F961B4F287193D700B710B8 /* DescriptionTableViewCell.swift */ = {isa = PBXFileReference; lastKnownFileType = sourcecode.swift; path = DescriptionTableViewCell.swift; sourceTree = "<group>"; };
		2F961B50287193D700B710B8 /* DescriptionTableViewCell.xib */ = {isa = PBXFileReference; lastKnownFileType = file.xib; path = DescriptionTableViewCell.xib; sourceTree = "<group>"; };
		2F961B53287193EB00B710B8 /* FavTableViewCell.swift */ = {isa = PBXFileReference; lastKnownFileType = sourcecode.swift; path = FavTableViewCell.swift; sourceTree = "<group>"; };
		2F961B54287193EB00B710B8 /* FavTableViewCell.xib */ = {isa = PBXFileReference; lastKnownFileType = file.xib; path = FavTableViewCell.xib; sourceTree = "<group>"; };
		2F961B5C28719E1700B710B8 /* AddColorViewController.swift */ = {isa = PBXFileReference; lastKnownFileType = sourcecode.swift; path = AddColorViewController.swift; sourceTree = "<group>"; };
		2F961B5D28719E1700B710B8 /* AddColorViewController.xib */ = {isa = PBXFileReference; lastKnownFileType = file.xib; path = AddColorViewController.xib; sourceTree = "<group>"; };
		2F961B602871A0A500B710B8 /* AddColor+TableView.swift */ = {isa = PBXFileReference; lastKnownFileType = sourcecode.swift; path = "AddColor+TableView.swift"; sourceTree = "<group>"; };
		2F961B622871B2BC00B710B8 /* UIViewControllerExtension.swift */ = {isa = PBXFileReference; fileEncoding = 4; lastKnownFileType = sourcecode.swift; path = UIViewControllerExtension.swift; sourceTree = "<group>"; };
		2F961B642871C72F00B710B8 /* FavCell+DataSource.swift */ = {isa = PBXFileReference; lastKnownFileType = sourcecode.swift; path = "FavCell+DataSource.swift"; sourceTree = "<group>"; };
		2F961B662871CB2700B710B8 /* FavColorCell.swift */ = {isa = PBXFileReference; lastKnownFileType = sourcecode.swift; path = FavColorCell.swift; sourceTree = "<group>"; };
		2F961B672871CB2700B710B8 /* FavColorCell.xib */ = {isa = PBXFileReference; lastKnownFileType = file.xib; path = FavColorCell.xib; sourceTree = "<group>"; };
		2F961B6B2871D33700B710B8 /* UICollectionView+Extension.swift */ = {isa = PBXFileReference; lastKnownFileType = sourcecode.swift; path = "UICollectionView+Extension.swift"; sourceTree = "<group>"; };
		2F961B7128757C1200B710B8 /* FavColorViewModel.swift */ = {isa = PBXFileReference; lastKnownFileType = sourcecode.swift; path = FavColorViewModel.swift; sourceTree = "<group>"; };
		2F9EFE5628800E3000D2E262 /* AddColorDelegate.swift */ = {isa = PBXFileReference; lastKnownFileType = sourcecode.swift; path = AddColorDelegate.swift; sourceTree = "<group>"; };
		2FA848522891407700AF4E1D /* ColorPickerViewController.swift */ = {isa = PBXFileReference; lastKnownFileType = sourcecode.swift; path = ColorPickerViewController.swift; sourceTree = "<group>"; };
		2FA848532891407700AF4E1D /* ColorPickerViewController.xib */ = {isa = PBXFileReference; lastKnownFileType = file.xib; path = ColorPickerViewController.xib; sourceTree = "<group>"; };
		2FA848592892C1B300AF4E1D /* CustomColorCell.swift */ = {isa = PBXFileReference; lastKnownFileType = sourcecode.swift; path = CustomColorCell.swift; sourceTree = "<group>"; };
		2FA8485A2892C1B300AF4E1D /* CustomColorCell.xib */ = {isa = PBXFileReference; lastKnownFileType = file.xib; path = CustomColorCell.xib; sourceTree = "<group>"; };
		2FA8485D2898DCF800AF4E1D /* CustomColorCellViewModel.swift */ = {isa = PBXFileReference; lastKnownFileType = sourcecode.swift; path = CustomColorCellViewModel.swift; sourceTree = "<group>"; };
		4D8AC71810492AE62875452D /* Pods-multiViewTask.debug.xcconfig */ = {isa = PBXFileReference; includeInIndex = 1; lastKnownFileType = text.xcconfig; name = "Pods-multiViewTask.debug.xcconfig"; path = "Target Support Files/Pods-multiViewTask/Pods-multiViewTask.debug.xcconfig"; sourceTree = "<group>"; };
/* End PBXFileReference section */

/* Begin PBXFrameworksBuildPhase section */
		2F961ABA286853F400B710B8 /* Frameworks */ = {
			isa = PBXFrameworksBuildPhase;
			buildActionMask = 2147483647;
			files = (
				5542FD259B6D5C8B9391F06E /* Pods_multiViewTask.framework in Frameworks */,
			);
			runOnlyForDeploymentPostprocessing = 0;
		};
/* End PBXFrameworksBuildPhase section */

/* Begin PBXGroup section */
		2F657A0328858D1C00C8D005 /* ContentCells */ = {
			isa = PBXGroup;
			children = (
				2FA848582892C18300AF4E1D /* CustomColorCell */,
				2F961B472871935400B710B8 /* DescriptionCell */,
				2F961B462871933900B710B8 /* FavCell */,
				2F961B452871932900B710B8 /* TitleCell */,
			);
			path = ContentCells;
			sourceTree = "<group>";
		};
		2F961AB4286853F400B710B8 = {
			isa = PBXGroup;
			children = (
				2F961ABF286853F400B710B8 /* multiViewTask */,
				2F961ABE286853F400B710B8 /* Products */,
				D8B854ED2B9A2571464545B0 /* Pods */,
				FAB4174DD4CCFCD5D4D7E270 /* Frameworks */,
			);
			sourceTree = "<group>";
		};
		2F961ABE286853F400B710B8 /* Products */ = {
			isa = PBXGroup;
			children = (
				2F961ABD286853F400B710B8 /* multiViewTask.app */,
			);
			name = Products;
			sourceTree = "<group>";
		};
		2F961ABF286853F400B710B8 /* multiViewTask */ = {
			isa = PBXGroup;
			children = (
				2F961B20286AF08200B710B8 /* Screens */,
				2F961B152869DDEB00B710B8 /* Helpers */,
				2F961AC0286853F400B710B8 /* AppDelegate.swift */,
				2F961AC2286853F400B710B8 /* SceneDelegate.swift */,
				2F961AC6286853F400B710B8 /* Main.storyboard */,
				2F961AC9286853F600B710B8 /* Assets.xcassets */,
				2F657A1B2886FCAC00C8D005 /* Localizable.strings */,
				2F961ACB286853F600B710B8 /* LaunchScreen.storyboard */,
				2F961ACE286853F600B710B8 /* Info.plist */,
				2F694C7D288C7AAD0072E27E /* ColorsCD.xcdatamodeld */,
			);
			path = multiViewTask;
			sourceTree = "<group>";
		};
		2F961B152869DDEB00B710B8 /* Helpers */ = {
			isa = PBXGroup;
			children = (
				2F961B172869DE2600B710B8 /* Utils */,
				2F961B162869DE0B00B710B8 /* Extensions */,
				2F657A012885571E00C8D005 /* Constants.swift */,
				2F694C7B28882C9B0072E27E /* NotificationNameExtension.swift */,
			);
			path = Helpers;
			sourceTree = "<group>";
		};
		2F961B162869DE0B00B710B8 /* Extensions */ = {
			isa = PBXGroup;
			children = (
				2F961B622871B2BC00B710B8 /* UIViewControllerExtension.swift */,
				2F961B4328717C3B00B710B8 /* UIStoryboardExtension.swift */,
				2F961B132869DDE300B710B8 /* UIView+Extension.swift */,
				2F961B31286C5A6C00B710B8 /* UITableView+Extension.swift */,
				2F961B6B2871D33700B710B8 /* UICollectionView+Extension.swift */,
				2F657A082886F7E400C8D005 /* UIColor+Extension.swift */,
				2F694C77288748290072E27E /* String+Localizable.swift */,
			);
			path = Extensions;
			sourceTree = "<group>";
		};
		2F961B172869DE2600B710B8 /* Utils */ = {
			isa = PBXGroup;
			children = (
				2F961B2F286C598E00B710B8 /* DrawingUtils.swift */,
			);
			path = Utils;
			sourceTree = "<group>";
		};
		2F961B20286AF08200B710B8 /* Screens */ = {
			isa = PBXGroup;
			children = (
				2F961B21286AF09200B710B8 /* ColorsList */,
			);
			path = Screens;
			sourceTree = "<group>";
		};
		2F961B21286AF09200B710B8 /* ColorsList */ = {
			isa = PBXGroup;
			children = (
				2F961B25286AF11400B710B8 /* Delegates */,
				2F961B24286AF10900B710B8 /* ViewModels */,
				2F961B23286AF10300B710B8 /* Views */,
				2F961B22286AF0FE00B710B8 /* Models */,
			);
			path = ColorsList;
			sourceTree = "<group>";
		};
		2F961B22286AF0FE00B710B8 /* Models */ = {
			isa = PBXGroup;
			children = (
				2F961B0F2869B2BD00B710B8 /* Color.swift */,
			);
			path = Models;
			sourceTree = "<group>";
		};
		2F961B23286AF10300B710B8 /* Views */ = {
			isa = PBXGroup;
			children = (
				2FA8485128913F1100AF4E1D /* CustomColor */,
				2F961B5728719C6400B710B8 /* AddColor */,
				2F961B34286C620E00B710B8 /* ColorDescription */,
				2F961B33286C61FE00B710B8 /* ColorTable */,
				2F961B482871936200B710B8 /* Cells */,
			);
			path = Views;
			sourceTree = "<group>";
		};
		2F961B24286AF10900B710B8 /* ViewModels */ = {
			isa = PBXGroup;
			children = (
				2F6579FD288445D600C8D005 /* ValidateColorInputViewModel .swift */,
			);
			path = ViewModels;
			sourceTree = "<group>";
		};
		2F961B25286AF11400B710B8 /* Delegates */ = {
			isa = PBXGroup;
			children = (
				2F9EFE5628800E3000D2E262 /* AddColorDelegate.swift */,
				2F6579FF28844F0700C8D005 /* ValidateInputDelegate.swift */,
			);
			path = Delegates;
			sourceTree = "<group>";
		};
		2F961B2E286C4A1C00B710B8 /* ColorCell */ = {
			isa = PBXGroup;
			children = (
				2F961B28286AF59700B710B8 /* ColorCell.swift */,
				2F961B29286AF59700B710B8 /* ColorCell.xib */,
			);
			path = ColorCell;
			sourceTree = "<group>";
		};
		2F961B33286C61FE00B710B8 /* ColorTable */ = {
			isa = PBXGroup;
			children = (
				2F961B35286C630700B710B8 /* ColorTableViewController.swift */,
				2F657A062886EC9600C8D005 /* ColorTable+Extension.swift */,
				2F961B112869CD9300B710B8 /* ColorViewModel.swift */,
			);
			path = ColorTable;
			sourceTree = "<group>";
		};
		2F961B34286C620E00B710B8 /* ColorDescription */ = {
			isa = PBXGroup;
			children = (
				2F961B39286C688100B710B8 /* ColorInfoViewController.swift */,
				2F694C792887F1E20072E27E /* ColorInfoViewModel.swift */,
			);
			path = ColorDescription;
			sourceTree = "<group>";
		};
		2F961B452871932900B710B8 /* TitleCell */ = {
			isa = PBXGroup;
			children = (
				2F961B49287193B100B710B8 /* TitleTableViewCell.swift */,
				2F961B4A287193B100B710B8 /* TitleTableViewCell.xib */,
			);
			path = TitleCell;
			sourceTree = "<group>";
		};
		2F961B462871933900B710B8 /* FavCell */ = {
			isa = PBXGroup;
			children = (
				2F961B6A2871CB3800B710B8 /* FavColorCell */,
				2F961B54287193EB00B710B8 /* FavTableViewCell.xib */,
				2F961B53287193EB00B710B8 /* FavTableViewCell.swift */,
				2F961B642871C72F00B710B8 /* FavCell+DataSource.swift */,
				2F961B7128757C1200B710B8 /* FavColorViewModel.swift */,
			);
			path = FavCell;
			sourceTree = "<group>";
		};
		2F961B472871935400B710B8 /* DescriptionCell */ = {
			isa = PBXGroup;
			children = (
				2F961B4F287193D700B710B8 /* DescriptionTableViewCell.swift */,
				2F961B50287193D700B710B8 /* DescriptionTableViewCell.xib */,
			);
			path = DescriptionCell;
			sourceTree = "<group>";
		};
		2F961B482871936200B710B8 /* Cells */ = {
			isa = PBXGroup;
			children = (
				2F961B2E286C4A1C00B710B8 /* ColorCell */,
			);
			path = Cells;
			sourceTree = "<group>";
		};
		2F961B5728719C6400B710B8 /* AddColor */ = {
			isa = PBXGroup;
			children = (
				2FA848572891543700AF4E1D /* Controller */,
				2FA848562891542B00AF4E1D /* ViewModels */,
				2F657A0328858D1C00C8D005 /* ContentCells */,
			);
			path = AddColor;
			sourceTree = "<group>";
		};
		2F961B6A2871CB3800B710B8 /* FavColorCell */ = {
			isa = PBXGroup;
			children = (
				2F961B662871CB2700B710B8 /* FavColorCell.swift */,
				2F961B672871CB2700B710B8 /* FavColorCell.xib */,
			);
			path = FavColorCell;
			sourceTree = "<group>";
		};
		2FA8485128913F1100AF4E1D /* CustomColor */ = {
			isa = PBXGroup;
			children = (
				2FA848522891407700AF4E1D /* ColorPickerViewController.swift */,
				2FA848532891407700AF4E1D /* ColorPickerViewController.xib */,
			);
			path = CustomColor;
			sourceTree = "<group>";
		};
		2FA848562891542B00AF4E1D /* ViewModels */ = {
			isa = PBXGroup;
			children = (
				2F657A0428858D6B00C8D005 /* AddColorViewModel .swift */,
			);
			path = ViewModels;
			sourceTree = "<group>";
		};
		2FA848572891543700AF4E1D /* Controller */ = {
			isa = PBXGroup;
			children = (
				2F961B5C28719E1700B710B8 /* AddColorViewController.swift */,
				2F961B5D28719E1700B710B8 /* AddColorViewController.xib */,
				2F961B602871A0A500B710B8 /* AddColor+TableView.swift */,
			);
			path = Controller;
			sourceTree = "<group>";
		};
		2FA848582892C18300AF4E1D /* CustomColorCell */ = {
			isa = PBXGroup;
			children = (
				2FA848592892C1B300AF4E1D /* CustomColorCell.swift */,
				2FA8485A2892C1B300AF4E1D /* CustomColorCell.xib */,
				2FA8485D2898DCF800AF4E1D /* CustomColorCellViewModel.swift */,
			);
			path = CustomColorCell;
			sourceTree = "<group>";
		};
		D8B854ED2B9A2571464545B0 /* Pods */ = {
			isa = PBXGroup;
			children = (
				4D8AC71810492AE62875452D /* Pods-multiViewTask.debug.xcconfig */,
				01E657070FC5F74169F57287 /* Pods-multiViewTask.release.xcconfig */,
			);
			path = Pods;
			sourceTree = "<group>";
		};
		FAB4174DD4CCFCD5D4D7E270 /* Frameworks */ = {
			isa = PBXGroup;
			children = (
				1EFD48E29838D36E78DC3EC9 /* Pods_multiViewTask.framework */,
			);
			name = Frameworks;
			sourceTree = "<group>";
		};
/* End PBXGroup section */

/* Begin PBXNativeTarget section */
		2F961ABC286853F400B710B8 /* multiViewTask */ = {
			isa = PBXNativeTarget;
			buildConfigurationList = 2F961AD1286853F600B710B8 /* Build configuration list for PBXNativeTarget "multiViewTask" */;
			buildPhases = (
				F63939DE749B16E4E494ACD2 /* [CP] Check Pods Manifest.lock */,
				2F961AB9286853F400B710B8 /* Sources */,
				2F961ABA286853F400B710B8 /* Frameworks */,
				2F961ABB286853F400B710B8 /* Resources */,
				71F614D2A86088739E657D96 /* [CP] Embed Pods Frameworks */,
			);
			buildRules = (
			);
			dependencies = (
			);
			name = multiViewTask;
			productName = multiViewTask;
			productReference = 2F961ABD286853F400B710B8 /* multiViewTask.app */;
			productType = "com.apple.product-type.application";
		};
/* End PBXNativeTarget section */

/* Begin PBXProject section */
		2F961AB5286853F400B710B8 /* Project object */ = {
			isa = PBXProject;
			attributes = {
				BuildIndependentTargetsInParallel = 1;
				LastSwiftUpdateCheck = 1340;
				LastUpgradeCheck = 1340;
				TargetAttributes = {
					2F961ABC286853F400B710B8 = {
						CreatedOnToolsVersion = 13.4.1;
					};
				};
			};
			buildConfigurationList = 2F961AB8286853F400B710B8 /* Build configuration list for PBXProject "multiViewTask" */;
			compatibilityVersion = "Xcode 13.0";
			developmentRegion = en;
			hasScannedForEncodings = 0;
			knownRegions = (
				en,
				Base,
				ar,
			);
			mainGroup = 2F961AB4286853F400B710B8;
			productRefGroup = 2F961ABE286853F400B710B8 /* Products */;
			projectDirPath = "";
			projectRoot = "";
			targets = (
				2F961ABC286853F400B710B8 /* multiViewTask */,
			);
		};
/* End PBXProject section */

/* Begin PBXResourcesBuildPhase section */
		2F961ABB286853F400B710B8 /* Resources */ = {
			isa = PBXResourcesBuildPhase;
			buildActionMask = 2147483647;
			files = (
				2F961ACD286853F600B710B8 /* LaunchScreen.storyboard in Resources */,
				2F657A192886FCAC00C8D005 /* Localizable.strings in Resources */,
				2F961ACA286853F600B710B8 /* Assets.xcassets in Resources */,
				2F961B692871CB2700B710B8 /* FavColorCell.xib in Resources */,
				2FA8485C2892C1B300AF4E1D /* CustomColorCell.xib in Resources */,
				2F961B56287193EB00B710B8 /* FavTableViewCell.xib in Resources */,
				2F961B2B286AF59700B710B8 /* ColorCell.xib in Resources */,
				2F961B52287193D700B710B8 /* DescriptionTableViewCell.xib in Resources */,
				2F961B5F28719E1700B710B8 /* AddColorViewController.xib in Resources */,
				2F961B4C287193B100B710B8 /* TitleTableViewCell.xib in Resources */,
				2F961AC8286853F400B710B8 /* Main.storyboard in Resources */,
				2FA848552891407700AF4E1D /* ColorPickerViewController.xib in Resources */,
			);
			runOnlyForDeploymentPostprocessing = 0;
		};
/* End PBXResourcesBuildPhase section */

/* Begin PBXShellScriptBuildPhase section */
		71F614D2A86088739E657D96 /* [CP] Embed Pods Frameworks */ = {
			isa = PBXShellScriptBuildPhase;
			buildActionMask = 2147483647;
			files = (
			);
			inputFileListPaths = (
				"${PODS_ROOT}/Target Support Files/Pods-multiViewTask/Pods-multiViewTask-frameworks-${CONFIGURATION}-input-files.xcfilelist",
			);
			name = "[CP] Embed Pods Frameworks";
			outputFileListPaths = (
				"${PODS_ROOT}/Target Support Files/Pods-multiViewTask/Pods-multiViewTask-frameworks-${CONFIGURATION}-output-files.xcfilelist",
			);
			runOnlyForDeploymentPostprocessing = 0;
			shellPath = /bin/sh;
			shellScript = "\"${PODS_ROOT}/Target Support Files/Pods-multiViewTask/Pods-multiViewTask-frameworks.sh\"\n";
			showEnvVarsInLog = 0;
		};
		F63939DE749B16E4E494ACD2 /* [CP] Check Pods Manifest.lock */ = {
			isa = PBXShellScriptBuildPhase;
			buildActionMask = 2147483647;
			files = (
			);
			inputFileListPaths = (
			);
			inputPaths = (
				"${PODS_PODFILE_DIR_PATH}/Podfile.lock",
				"${PODS_ROOT}/Manifest.lock",
			);
			name = "[CP] Check Pods Manifest.lock";
			outputFileListPaths = (
			);
			outputPaths = (
				"$(DERIVED_FILE_DIR)/Pods-multiViewTask-checkManifestLockResult.txt",
			);
			runOnlyForDeploymentPostprocessing = 0;
			shellPath = /bin/sh;
			shellScript = "diff \"${PODS_PODFILE_DIR_PATH}/Podfile.lock\" \"${PODS_ROOT}/Manifest.lock\" > /dev/null\nif [ $? != 0 ] ; then\n    # print error to STDERR\n    echo \"error: The sandbox is not in sync with the Podfile.lock. Run 'pod install' or update your CocoaPods installation.\" >&2\n    exit 1\nfi\n# This output is used by Xcode 'outputs' to avoid re-running this script phase.\necho \"SUCCESS\" > \"${SCRIPT_OUTPUT_FILE_0}\"\n";
			showEnvVarsInLog = 0;
		};
/* End PBXShellScriptBuildPhase section */

/* Begin PBXSourcesBuildPhase section */
		2F961AB9286853F400B710B8 /* Sources */ = {
			isa = PBXSourcesBuildPhase;
			buildActionMask = 2147483647;
			files = (
				2F961B3A286C688100B710B8 /* ColorInfoViewController.swift in Sources */,
				2F657A092886F7E400C8D005 /* UIColor+Extension.swift in Sources */,
				2F961B32286C5A6C00B710B8 /* UITableView+Extension.swift in Sources */,
				2F694C78288748290072E27E /* String+Localizable.swift in Sources */,
				2F657A072886EC9600C8D005 /* ColorTable+Extension.swift in Sources */,
				2F6579FE288445D600C8D005 /* ValidateColorInputViewModel .swift in Sources */,
				2FA84813288C859E00AF4E1D /* ColorsCD.xcdatamodeld in Sources */,
				2F694C7A2887F1E20072E27E /* ColorInfoViewModel.swift in Sources */,
				2F694C7C28882C9B0072E27E /* NotificationNameExtension.swift in Sources */,
				2FA8485E2898DCF800AF4E1D /* CustomColorCellViewModel.swift in Sources */,
				2F657A022885571E00C8D005 /* Constants.swift in Sources */,
				2F961B102869B2BD00B710B8 /* Color.swift in Sources */,
				2F961B6C2871D33700B710B8 /* UICollectionView+Extension.swift in Sources */,
				2F961B632871B2BC00B710B8 /* UIViewControllerExtension.swift in Sources */,
				2F961B2A286AF59700B710B8 /* ColorCell.swift in Sources */,
				2F961B682871CB2700B710B8 /* FavColorCell.swift in Sources */,
				2F961AC1286853F400B710B8 /* AppDelegate.swift in Sources */,
				2F961B55287193EB00B710B8 /* FavTableViewCell.swift in Sources */,
				2F961B30286C598E00B710B8 /* DrawingUtils.swift in Sources */,
				2FA8485B2892C1B300AF4E1D /* CustomColorCell.swift in Sources */,
				2F961AC3286853F400B710B8 /* SceneDelegate.swift in Sources */,
				2F961B652871C72F00B710B8 /* FavCell+DataSource.swift in Sources */,
				2F961B142869DDE300B710B8 /* UIView+Extension.swift in Sources */,
				2F961B7228757C1200B710B8 /* FavColorViewModel.swift in Sources */,
				2F961B122869CD9300B710B8 /* ColorViewModel.swift in Sources */,
				2F657A0028844F0700C8D005 /* ValidateInputDelegate.swift in Sources */,
				2F961B4428717C3C00B710B8 /* UIStoryboardExtension.swift in Sources */,
				2FA848542891407700AF4E1D /* ColorPickerViewController.swift in Sources */,
				2F657A0528858D6B00C8D005 /* AddColorViewModel .swift in Sources */,
				2F961B5E28719E1700B710B8 /* AddColorViewController.swift in Sources */,
				2F961B37286C630700B710B8 /* ColorTableViewController.swift in Sources */,
				2F961B51287193D700B710B8 /* DescriptionTableViewCell.swift in Sources */,
				2F961B4B287193B100B710B8 /* TitleTableViewCell.swift in Sources */,
				2F9EFE5728800E3000D2E262 /* AddColorDelegate.swift in Sources */,
				2F961B612871A0A500B710B8 /* AddColor+TableView.swift in Sources */,
			);
			runOnlyForDeploymentPostprocessing = 0;
		};
/* End PBXSourcesBuildPhase section */

/* Begin PBXVariantGroup section */
		2F657A1B2886FCAC00C8D005 /* Localizable.strings */ = {
			isa = PBXVariantGroup;
			children = (
				2F657A1A2886FCAC00C8D005 /* en */,
				2F657A1E2886FCE400C8D005 /* ar */,
			);
			name = Localizable.strings;
			sourceTree = "<group>";
		};
		2F961AC6286853F400B710B8 /* Main.storyboard */ = {
			isa = PBXVariantGroup;
			children = (
				2F961AC7286853F400B710B8 /* Base */,
				2F657A1C2886FCE300C8D005 /* ar */,
			);
			name = Main.storyboard;
			sourceTree = "<group>";
		};
		2F961ACB286853F600B710B8 /* LaunchScreen.storyboard */ = {
			isa = PBXVariantGroup;
			children = (
				2F961ACC286853F600B710B8 /* Base */,
				2F657A1D2886FCE400C8D005 /* ar */,
			);
			name = LaunchScreen.storyboard;
			sourceTree = "<group>";
		};
/* End PBXVariantGroup section */

/* Begin XCBuildConfiguration section */
		2F961ACF286853F600B710B8 /* Debug */ = {
			isa = XCBuildConfiguration;
			buildSettings = {
				ALWAYS_SEARCH_USER_PATHS = NO;
				CLANG_ANALYZER_LOCALIZABILITY_NONLOCALIZED = YES;
				CLANG_ANALYZER_NONNULL = YES;
				CLANG_ANALYZER_NUMBER_OBJECT_CONVERSION = YES_AGGRESSIVE;
				CLANG_CXX_LANGUAGE_STANDARD = "gnu++17";
				CLANG_ENABLE_MODULES = YES;
				CLANG_ENABLE_OBJC_ARC = YES;
				CLANG_ENABLE_OBJC_WEAK = YES;
				CLANG_WARN_BLOCK_CAPTURE_AUTORELEASING = YES;
				CLANG_WARN_BOOL_CONVERSION = YES;
				CLANG_WARN_COMMA = YES;
				CLANG_WARN_CONSTANT_CONVERSION = YES;
				CLANG_WARN_DEPRECATED_OBJC_IMPLEMENTATIONS = YES;
				CLANG_WARN_DIRECT_OBJC_ISA_USAGE = YES_ERROR;
				CLANG_WARN_DOCUMENTATION_COMMENTS = YES;
				CLANG_WARN_EMPTY_BODY = YES;
				CLANG_WARN_ENUM_CONVERSION = YES;
				CLANG_WARN_INFINITE_RECURSION = YES;
				CLANG_WARN_INT_CONVERSION = YES;
				CLANG_WARN_NON_LITERAL_NULL_CONVERSION = YES;
				CLANG_WARN_OBJC_IMPLICIT_RETAIN_SELF = YES;
				CLANG_WARN_OBJC_LITERAL_CONVERSION = YES;
				CLANG_WARN_OBJC_ROOT_CLASS = YES_ERROR;
				CLANG_WARN_QUOTED_INCLUDE_IN_FRAMEWORK_HEADER = YES;
				CLANG_WARN_RANGE_LOOP_ANALYSIS = YES;
				CLANG_WARN_STRICT_PROTOTYPES = YES;
				CLANG_WARN_SUSPICIOUS_MOVE = YES;
				CLANG_WARN_UNGUARDED_AVAILABILITY = YES_AGGRESSIVE;
				CLANG_WARN_UNREACHABLE_CODE = YES;
				CLANG_WARN__DUPLICATE_METHOD_MATCH = YES;
				COPY_PHASE_STRIP = NO;
				DEBUG_INFORMATION_FORMAT = dwarf;
				ENABLE_STRICT_OBJC_MSGSEND = YES;
				ENABLE_TESTABILITY = YES;
				GCC_C_LANGUAGE_STANDARD = gnu11;
				GCC_DYNAMIC_NO_PIC = NO;
				GCC_NO_COMMON_BLOCKS = YES;
				GCC_OPTIMIZATION_LEVEL = 0;
				GCC_PREPROCESSOR_DEFINITIONS = (
					"DEBUG=1",
					"$(inherited)",
				);
				GCC_WARN_64_TO_32_BIT_CONVERSION = YES;
				GCC_WARN_ABOUT_RETURN_TYPE = YES_ERROR;
				GCC_WARN_UNDECLARED_SELECTOR = YES;
				GCC_WARN_UNINITIALIZED_AUTOS = YES_AGGRESSIVE;
				GCC_WARN_UNUSED_FUNCTION = YES;
				GCC_WARN_UNUSED_VARIABLE = YES;
				IPHONEOS_DEPLOYMENT_TARGET = 15.5;
				MTL_ENABLE_DEBUG_INFO = INCLUDE_SOURCE;
				MTL_FAST_MATH = YES;
				ONLY_ACTIVE_ARCH = YES;
				SDKROOT = iphoneos;
				SWIFT_ACTIVE_COMPILATION_CONDITIONS = DEBUG;
				SWIFT_OPTIMIZATION_LEVEL = "-Onone";
			};
			name = Debug;
		};
		2F961AD0286853F600B710B8 /* Release */ = {
			isa = XCBuildConfiguration;
			buildSettings = {
				ALWAYS_SEARCH_USER_PATHS = NO;
				CLANG_ANALYZER_LOCALIZABILITY_NONLOCALIZED = YES;
				CLANG_ANALYZER_NONNULL = YES;
				CLANG_ANALYZER_NUMBER_OBJECT_CONVERSION = YES_AGGRESSIVE;
				CLANG_CXX_LANGUAGE_STANDARD = "gnu++17";
				CLANG_ENABLE_MODULES = YES;
				CLANG_ENABLE_OBJC_ARC = YES;
				CLANG_ENABLE_OBJC_WEAK = YES;
				CLANG_WARN_BLOCK_CAPTURE_AUTORELEASING = YES;
				CLANG_WARN_BOOL_CONVERSION = YES;
				CLANG_WARN_COMMA = YES;
				CLANG_WARN_CONSTANT_CONVERSION = YES;
				CLANG_WARN_DEPRECATED_OBJC_IMPLEMENTATIONS = YES;
				CLANG_WARN_DIRECT_OBJC_ISA_USAGE = YES_ERROR;
				CLANG_WARN_DOCUMENTATION_COMMENTS = YES;
				CLANG_WARN_EMPTY_BODY = YES;
				CLANG_WARN_ENUM_CONVERSION = YES;
				CLANG_WARN_INFINITE_RECURSION = YES;
				CLANG_WARN_INT_CONVERSION = YES;
				CLANG_WARN_NON_LITERAL_NULL_CONVERSION = YES;
				CLANG_WARN_OBJC_IMPLICIT_RETAIN_SELF = YES;
				CLANG_WARN_OBJC_LITERAL_CONVERSION = YES;
				CLANG_WARN_OBJC_ROOT_CLASS = YES_ERROR;
				CLANG_WARN_QUOTED_INCLUDE_IN_FRAMEWORK_HEADER = YES;
				CLANG_WARN_RANGE_LOOP_ANALYSIS = YES;
				CLANG_WARN_STRICT_PROTOTYPES = YES;
				CLANG_WARN_SUSPICIOUS_MOVE = YES;
				CLANG_WARN_UNGUARDED_AVAILABILITY = YES_AGGRESSIVE;
				CLANG_WARN_UNREACHABLE_CODE = YES;
				CLANG_WARN__DUPLICATE_METHOD_MATCH = YES;
				COPY_PHASE_STRIP = NO;
				DEBUG_INFORMATION_FORMAT = "dwarf-with-dsym";
				ENABLE_NS_ASSERTIONS = NO;
				ENABLE_STRICT_OBJC_MSGSEND = YES;
				GCC_C_LANGUAGE_STANDARD = gnu11;
				GCC_NO_COMMON_BLOCKS = YES;
				GCC_WARN_64_TO_32_BIT_CONVERSION = YES;
				GCC_WARN_ABOUT_RETURN_TYPE = YES_ERROR;
				GCC_WARN_UNDECLARED_SELECTOR = YES;
				GCC_WARN_UNINITIALIZED_AUTOS = YES_AGGRESSIVE;
				GCC_WARN_UNUSED_FUNCTION = YES;
				GCC_WARN_UNUSED_VARIABLE = YES;
				IPHONEOS_DEPLOYMENT_TARGET = 15.5;
				MTL_ENABLE_DEBUG_INFO = NO;
				MTL_FAST_MATH = YES;
				SDKROOT = iphoneos;
				SWIFT_COMPILATION_MODE = wholemodule;
				SWIFT_OPTIMIZATION_LEVEL = "-O";
				VALIDATE_PRODUCT = YES;
			};
			name = Release;
		};
		2F961AD2286853F600B710B8 /* Debug */ = {
			isa = XCBuildConfiguration;
			baseConfigurationReference = 4D8AC71810492AE62875452D /* Pods-multiViewTask.debug.xcconfig */;
			buildSettings = {
				ASSETCATALOG_COMPILER_APPICON_NAME = AppIcon;
				ASSETCATALOG_COMPILER_GLOBAL_ACCENT_COLOR_NAME = AccentColor;
				CODE_SIGN_STYLE = Automatic;
				CURRENT_PROJECT_VERSION = 1;
				GENERATE_INFOPLIST_FILE = YES;
				INFOPLIST_FILE = multiViewTask/Info.plist;
				INFOPLIST_KEY_UIApplicationSupportsIndirectInputEvents = YES;
				INFOPLIST_KEY_UILaunchStoryboardName = LaunchScreen;
				INFOPLIST_KEY_UIMainStoryboardFile = Main;
				INFOPLIST_KEY_UISupportedInterfaceOrientations_iPad = "UIInterfaceOrientationPortrait UIInterfaceOrientationPortraitUpsideDown UIInterfaceOrientationLandscapeLeft UIInterfaceOrientationLandscapeRight";
				INFOPLIST_KEY_UISupportedInterfaceOrientations_iPhone = "UIInterfaceOrientationPortrait UIInterfaceOrientationLandscapeLeft UIInterfaceOrientationLandscapeRight";
				LD_RUNPATH_SEARCH_PATHS = (
					"$(inherited)",
					"@executable_path/Frameworks",
				);
				MARKETING_VERSION = 1.0;
				PRODUCT_BUNDLE_IDENTIFIER = com.hibahabash.multiViewTask;
				PRODUCT_NAME = "$(TARGET_NAME)";
				SWIFT_EMIT_LOC_STRINGS = YES;
				SWIFT_VERSION = 5.0;
				TARGETED_DEVICE_FAMILY = "1,2";
			};
			name = Debug;
		};
		2F961AD3286853F600B710B8 /* Release */ = {
			isa = XCBuildConfiguration;
			baseConfigurationReference = 01E657070FC5F74169F57287 /* Pods-multiViewTask.release.xcconfig */;
			buildSettings = {
				ASSETCATALOG_COMPILER_APPICON_NAME = AppIcon;
				ASSETCATALOG_COMPILER_GLOBAL_ACCENT_COLOR_NAME = AccentColor;
				CODE_SIGN_STYLE = Automatic;
				CURRENT_PROJECT_VERSION = 1;
				GENERATE_INFOPLIST_FILE = YES;
				INFOPLIST_FILE = multiViewTask/Info.plist;
				INFOPLIST_KEY_UIApplicationSupportsIndirectInputEvents = YES;
				INFOPLIST_KEY_UILaunchStoryboardName = LaunchScreen;
				INFOPLIST_KEY_UIMainStoryboardFile = Main;
				INFOPLIST_KEY_UISupportedInterfaceOrientations_iPad = "UIInterfaceOrientationPortrait UIInterfaceOrientationPortraitUpsideDown UIInterfaceOrientationLandscapeLeft UIInterfaceOrientationLandscapeRight";
				INFOPLIST_KEY_UISupportedInterfaceOrientations_iPhone = "UIInterfaceOrientationPortrait UIInterfaceOrientationLandscapeLeft UIInterfaceOrientationLandscapeRight";
				LD_RUNPATH_SEARCH_PATHS = (
					"$(inherited)",
					"@executable_path/Frameworks",
				);
				MARKETING_VERSION = 1.0;
				PRODUCT_BUNDLE_IDENTIFIER = com.hibahabash.multiViewTask;
				PRODUCT_NAME = "$(TARGET_NAME)";
				SWIFT_EMIT_LOC_STRINGS = YES;
				SWIFT_VERSION = 5.0;
				TARGETED_DEVICE_FAMILY = "1,2";
			};
			name = Release;
		};
/* End XCBuildConfiguration section */

/* Begin XCConfigurationList section */
		2F961AB8286853F400B710B8 /* Build configuration list for PBXProject "multiViewTask" */ = {
			isa = XCConfigurationList;
			buildConfigurations = (
				2F961ACF286853F600B710B8 /* Debug */,
				2F961AD0286853F600B710B8 /* Release */,
			);
			defaultConfigurationIsVisible = 0;
			defaultConfigurationName = Release;
		};
		2F961AD1286853F600B710B8 /* Build configuration list for PBXNativeTarget "multiViewTask" */ = {
			isa = XCConfigurationList;
			buildConfigurations = (
				2F961AD2286853F600B710B8 /* Debug */,
				2F961AD3286853F600B710B8 /* Release */,
			);
			defaultConfigurationIsVisible = 0;
			defaultConfigurationName = Release;
		};
/* End XCConfigurationList section */

/* Begin XCVersionGroup section */
		2F694C7D288C7AAD0072E27E /* ColorsCD.xcdatamodeld */ = {
			isa = XCVersionGroup;
			children = (
				2F694C7E288C7AAD0072E27E /* ColorsCD.xcdatamodel */,
			);
			currentVersion = 2F694C7E288C7AAD0072E27E /* ColorsCD.xcdatamodel */;
			path = ColorsCD.xcdatamodeld;
			sourceTree = "<group>";
			usesTabs = 0;
			versionGroupType = wrapper.xcdatamodel;
		};
/* End XCVersionGroup section */
	};
	rootObject = 2F961AB5286853F400B710B8 /* Project object */;
}
