// !$*UTF8*$!
{
	archiveVersion = 1;
	classes = {
	};
	objectVersion = 55;
	objects = {

/* Begin PBXBuildFile section */
		2F961AC1286853F400B710B8 /* AppDelegate.swift in Sources */ = {isa = PBXBuildFile; fileRef = 2F961AC0286853F400B710B8 /* AppDelegate.swift */; };
		2F961AC3286853F400B710B8 /* SceneDelegate.swift in Sources */ = {isa = PBXBuildFile; fileRef = 2F961AC2286853F400B710B8 /* SceneDelegate.swift */; };
		2F961AC5286853F400B710B8 /* ViewController.swift in Sources */ = {isa = PBXBuildFile; fileRef = 2F961AC4286853F400B710B8 /* ViewController.swift */; };
		2F961AC8286853F400B710B8 /* Main.storyboard in Resources */ = {isa = PBXBuildFile; fileRef = 2F961AC6286853F400B710B8 /* Main.storyboard */; };
		2F961ACA286853F600B710B8 /* Assets.xcassets in Resources */ = {isa = PBXBuildFile; fileRef = 2F961AC9286853F600B710B8 /* Assets.xcassets */; };
		2F961ACD286853F600B710B8 /* LaunchScreen.storyboard in Resources */ = {isa = PBXBuildFile; fileRef = 2F961ACB286853F600B710B8 /* LaunchScreen.storyboard */; };
		2F961AD52868542800B710B8 /* TopView.xib in Resources */ = {isa = PBXBuildFile; fileRef = 2F961AD42868542800B710B8 /* TopView.xib */; };
		2F961AD72868543800B710B8 /* BottomView.xib in Resources */ = {isa = PBXBuildFile; fileRef = 2F961AD62868543800B710B8 /* BottomView.xib */; };
		2F961ADB286854EA00B710B8 /* TopView.swift in Sources */ = {isa = PBXBuildFile; fileRef = 2F961ADA286854EA00B710B8 /* TopView.swift */; };
		2F961ADD286854FA00B710B8 /* BottomView.swift in Sources */ = {isa = PBXBuildFile; fileRef = 2F961ADC286854FA00B710B8 /* BottomView.swift */; };
		2F961B0E28689EA600B710B8 /* ColorsInfo.swift in Sources */ = {isa = PBXBuildFile; fileRef = 2F961B0D28689EA600B710B8 /* ColorsInfo.swift */; };
/* End PBXBuildFile section */

/* Begin PBXFileReference section */
		2F961ABD286853F400B710B8 /* multiViewTask.app */ = {isa = PBXFileReference; explicitFileType = wrapper.application; includeInIndex = 0; path = multiViewTask.app; sourceTree = BUILT_PRODUCTS_DIR; };
		2F961AC0286853F400B710B8 /* AppDelegate.swift */ = {isa = PBXFileReference; lastKnownFileType = sourcecode.swift; path = AppDelegate.swift; sourceTree = "<group>"; };
		2F961AC2286853F400B710B8 /* SceneDelegate.swift */ = {isa = PBXFileReference; lastKnownFileType = sourcecode.swift; path = SceneDelegate.swift; sourceTree = "<group>"; };
		2F961AC4286853F400B710B8 /* ViewController.swift */ = {isa = PBXFileReference; lastKnownFileType = sourcecode.swift; path = ViewController.swift; sourceTree = "<group>"; };
		2F961AC7286853F400B710B8 /* Base */ = {isa = PBXFileReference; lastKnownFileType = file.storyboard; name = Base; path = Base.lproj/Main.storyboard; sourceTree = "<group>"; };
		2F961AC9286853F600B710B8 /* Assets.xcassets */ = {isa = PBXFileReference; lastKnownFileType = folder.assetcatalog; path = Assets.xcassets; sourceTree = "<group>"; };
		2F961ACC286853F600B710B8 /* Base */ = {isa = PBXFileReference; lastKnownFileType = file.storyboard; name = Base; path = Base.lproj/LaunchScreen.storyboard; sourceTree = "<group>"; };
		2F961ACE286853F600B710B8 /* Info.plist */ = {isa = PBXFileReference; lastKnownFileType = text.plist.xml; path = Info.plist; sourceTree = "<group>"; };
		2F961AD42868542800B710B8 /* TopView.xib */ = {isa = PBXFileReference; lastKnownFileType = file.xib; path = TopView.xib; sourceTree = "<group>"; };
		2F961AD62868543800B710B8 /* BottomView.xib */ = {isa = PBXFileReference; lastKnownFileType = file.xib; path = BottomView.xib; sourceTree = "<group>"; };
		2F961ADA286854EA00B710B8 /* TopView.swift */ = {isa = PBXFileReference; lastKnownFileType = sourcecode.swift; path = TopView.swift; sourceTree = "<group>"; };
		2F961ADC286854FA00B710B8 /* BottomView.swift */ = {isa = PBXFileReference; lastKnownFileType = sourcecode.swift; path = BottomView.swift; sourceTree = "<group>"; };
		2F961B0D28689EA600B710B8 /* ColorsInfo.swift */ = {isa = PBXFileReference; lastKnownFileType = sourcecode.swift; path = ColorsInfo.swift; sourceTree = "<group>"; };
/* End PBXFileReference section */

/* Begin PBXFrameworksBuildPhase section */
		2F961ABA286853F400B710B8 /* Frameworks */ = {
			isa = PBXFrameworksBuildPhase;
			buildActionMask = 2147483647;
			files = (
			);
			runOnlyForDeploymentPostprocessing = 0;
		};
/* End PBXFrameworksBuildPhase section */

/* Begin PBXGroup section */
		2F961AB4286853F400B710B8 = {
			isa = PBXGroup;
			children = (
				2F961ABF286853F400B710B8 /* multiViewTask */,
				2F961ABE286853F400B710B8 /* Products */,
			);
			sourceTree = "<group>";
		};
		2F961ABE286853F400B710B8 /* Products */ = {
			isa = PBXGroup;
			children = (
				2F961ABD286853F400B710B8 /* multiViewTask.app */,
			);
			name = Products;
			sourceTree = "<group>";
		};
		2F961ABF286853F400B710B8 /* multiViewTask */ = {
			isa = PBXGroup;
			children = (
				2F961B0C28689E8A00B710B8 /* models */,
				2F961AC0286853F400B710B8 /* AppDelegate.swift */,
				2F961AC2286853F400B710B8 /* SceneDelegate.swift */,
				2F961AC4286853F400B710B8 /* ViewController.swift */,
				2F961AC6286853F400B710B8 /* Main.storyboard */,
				2F961AC9286853F600B710B8 /* Assets.xcassets */,
				2F961ACB286853F600B710B8 /* LaunchScreen.storyboard */,
				2F961ACE286853F600B710B8 /* Info.plist */,
				2F961ADA286854EA00B710B8 /* TopView.swift */,
				2F961AD42868542800B710B8 /* TopView.xib */,
				2F961ADC286854FA00B710B8 /* BottomView.swift */,
				2F961AD62868543800B710B8 /* BottomView.xib */,
			);
			path = multiViewTask;
			sourceTree = "<group>";
		};
		2F961B0C28689E8A00B710B8 /* models */ = {
			isa = PBXGroup;
			children = (
				2F961B0D28689EA600B710B8 /* ColorsInfo.swift */,
			);
			path = models;
			sourceTree = "<group>";
		};
/* End PBXGroup section */

/* Begin PBXNativeTarget section */
		2F961ABC286853F400B710B8 /* multiViewTask */ = {
			isa = PBXNativeTarget;
			buildConfigurationList = 2F961AD1286853F600B710B8 /* Build configuration list for PBXNativeTarget "multiViewTask" */;
			buildPhases = (
				2F961AB9286853F400B710B8 /* Sources */,
				2F961ABA286853F400B710B8 /* Frameworks */,
				2F961ABB286853F400B710B8 /* Resources */,
			);
			buildRules = (
			);
			dependencies = (
			);
			name = multiViewTask;
			productName = multiViewTask;
			productReference = 2F961ABD286853F400B710B8 /* multiViewTask.app */;
			productType = "com.apple.product-type.application";
		};
/* End PBXNativeTarget section */

/* Begin PBXProject section */
		2F961AB5286853F400B710B8 /* Project object */ = {
			isa = PBXProject;
			attributes = {
				BuildIndependentTargetsInParallel = 1;
				LastSwiftUpdateCheck = 1340;
				LastUpgradeCheck = 1340;
				TargetAttributes = {
					2F961ABC286853F400B710B8 = {
						CreatedOnToolsVersion = 13.4.1;
					};
				};
			};
			buildConfigurationList = 2F961AB8286853F400B710B8 /* Build configuration list for PBXProject "multiViewTask" */;
			compatibilityVersion = "Xcode 13.0";
			developmentRegion = en;
			hasScannedForEncodings = 0;
			knownRegions = (
				en,
				Base,
			);
			mainGroup = 2F961AB4286853F400B710B8;
			productRefGroup = 2F961ABE286853F400B710B8 /* Products */;
			projectDirPath = "";
			projectRoot = "";
			targets = (
				2F961ABC286853F400B710B8 /* multiViewTask */,
			);
		};
/* End PBXProject section */

/* Begin PBXResourcesBuildPhase section */
		2F961ABB286853F400B710B8 /* Resources */ = {
			isa = PBXResourcesBuildPhase;
			buildActionMask = 2147483647;
			files = (
				2F961ACD286853F600B710B8 /* LaunchScreen.storyboard in Resources */,
				2F961ACA286853F600B710B8 /* Assets.xcassets in Resources */,
				2F961AD72868543800B710B8 /* BottomView.xib in Resources */,
				2F961AD52868542800B710B8 /* TopView.xib in Resources */,
				2F961AC8286853F400B710B8 /* Main.storyboard in Resources */,
			);
			runOnlyForDeploymentPostprocessing = 0;
		};
/* End PBXResourcesBuildPhase section */

/* Begin PBXSourcesBuildPhase section */
		2F961AB9286853F400B710B8 /* Sources */ = {
			isa = PBXSourcesBuildPhase;
			buildActionMask = 2147483647;
			files = (
				2F961ADB286854EA00B710B8 /* TopView.swift in Sources */,
				2F961AC5286853F400B710B8 /* ViewController.swift in Sources */,
				2F961ADD286854FA00B710B8 /* BottomView.swift in Sources */,
				2F961AC1286853F400B710B8 /* AppDelegate.swift in Sources */,
				2F961AC3286853F400B710B8 /* SceneDelegate.swift in Sources */,
				2F961B0E28689EA600B710B8 /* ColorsInfo.swift in Sources */,
			);
			runOnlyForDeploymentPostprocessing = 0;
		};
/* End PBXSourcesBuildPhase section */

/* Begin PBXVariantGroup section */
		2F961AC6286853F400B710B8 /* Main.storyboard */ = {
			isa = PBXVariantGroup;
			children = (
				2F961AC7286853F400B710B8 /* Base */,
			);
			name = Main.storyboard;
			sourceTree = "<group>";
		};
		2F961ACB286853F600B710B8 /* LaunchScreen.storyboard */ = {
			isa = PBXVariantGroup;
			children = (
				2F961ACC286853F600B710B8 /* Base */,
			);
			name = LaunchScreen.storyboard;
			sourceTree = "<group>";
		};
/* End PBXVariantGroup section */

/* Begin XCBuildConfiguration section */
		2F961ACF286853F600B710B8 /* Debug */ = {
			isa = XCBuildConfiguration;
			buildSettings = {
				ALWAYS_SEARCH_USER_PATHS = NO;
				CLANG_ANALYZER_NONNULL = YES;
				CLANG_ANALYZER_NUMBER_OBJECT_CONVERSION = YES_AGGRESSIVE;
				CLANG_CXX_LANGUAGE_STANDARD = "gnu++17";
				CLANG_ENABLE_MODULES = YES;
				CLANG_ENABLE_OBJC_ARC = YES;
				CLANG_ENABLE_OBJC_WEAK = YES;
				CLANG_WARN_BLOCK_CAPTURE_AUTORELEASING = YES;
				CLANG_WARN_BOOL_CONVERSION = YES;
				CLANG_WARN_COMMA = YES;
				CLANG_WARN_CONSTANT_CONVERSION = YES;
				CLANG_WARN_DEPRECATED_OBJC_IMPLEMENTATIONS = YES;
				CLANG_WARN_DIRECT_OBJC_ISA_USAGE = YES_ERROR;
				CLANG_WARN_DOCUMENTATION_COMMENTS = YES;
				CLANG_WARN_EMPTY_BODY = YES;
				CLANG_WARN_ENUM_CONVERSION = YES;
				CLANG_WARN_INFINITE_RECURSION = YES;
				CLANG_WARN_INT_CONVERSION = YES;
				CLANG_WARN_NON_LITERAL_NULL_CONVERSION = YES;
				CLANG_WARN_OBJC_IMPLICIT_RETAIN_SELF = YES;
				CLANG_WARN_OBJC_LITERAL_CONVERSION = YES;
				CLANG_WARN_OBJC_ROOT_CLASS = YES_ERROR;
				CLANG_WARN_QUOTED_INCLUDE_IN_FRAMEWORK_HEADER = YES;
				CLANG_WARN_RANGE_LOOP_ANALYSIS = YES;
				CLANG_WARN_STRICT_PROTOTYPES = YES;
				CLANG_WARN_SUSPICIOUS_MOVE = YES;
				CLANG_WARN_UNGUARDED_AVAILABILITY = YES_AGGRESSIVE;
				CLANG_WARN_UNREACHABLE_CODE = YES;
				CLANG_WARN__DUPLICATE_METHOD_MATCH = YES;
				COPY_PHASE_STRIP = NO;
				DEBUG_INFORMATION_FORMAT = dwarf;
				ENABLE_STRICT_OBJC_MSGSEND = YES;
				ENABLE_TESTABILITY = YES;
				GCC_C_LANGUAGE_STANDARD = gnu11;
				GCC_DYNAMIC_NO_PIC = NO;
				GCC_NO_COMMON_BLOCKS = YES;
				GCC_OPTIMIZATION_LEVEL = 0;
				GCC_PREPROCESSOR_DEFINITIONS = (
					"DEBUG=1",
					"$(inherited)",
				);
				GCC_WARN_64_TO_32_BIT_CONVERSION = YES;
				GCC_WARN_ABOUT_RETURN_TYPE = YES_ERROR;
				GCC_WARN_UNDECLARED_SELECTOR = YES;
				GCC_WARN_UNINITIALIZED_AUTOS = YES_AGGRESSIVE;
				GCC_WARN_UNUSED_FUNCTION = YES;
				GCC_WARN_UNUSED_VARIABLE = YES;
				IPHONEOS_DEPLOYMENT_TARGET = 15.5;
				MTL_ENABLE_DEBUG_INFO = INCLUDE_SOURCE;
				MTL_FAST_MATH = YES;
				ONLY_ACTIVE_ARCH = YES;
				SDKROOT = iphoneos;
				SWIFT_ACTIVE_COMPILATION_CONDITIONS = DEBUG;
				SWIFT_OPTIMIZATION_LEVEL = "-Onone";
			};
			name = Debug;
		};
		2F961AD0286853F600B710B8 /* Release */ = {
			isa = XCBuildConfiguration;
			buildSettings = {
				ALWAYS_SEARCH_USER_PATHS = NO;
				CLANG_ANALYZER_NONNULL = YES;
				CLANG_ANALYZER_NUMBER_OBJECT_CONVERSION = YES_AGGRESSIVE;
				CLANG_CXX_LANGUAGE_STANDARD = "gnu++17";
				CLANG_ENABLE_MODULES = YES;
				CLANG_ENABLE_OBJC_ARC = YES;
				CLANG_ENABLE_OBJC_WEAK = YES;
				CLANG_WARN_BLOCK_CAPTURE_AUTORELEASING = YES;
				CLANG_WARN_BOOL_CONVERSION = YES;
				CLANG_WARN_COMMA = YES;
				CLANG_WARN_CONSTANT_CONVERSION = YES;
				CLANG_WARN_DEPRECATED_OBJC_IMPLEMENTATIONS = YES;
				CLANG_WARN_DIRECT_OBJC_ISA_USAGE = YES_ERROR;
				CLANG_WARN_DOCUMENTATION_COMMENTS = YES;
				CLANG_WARN_EMPTY_BODY = YES;
				CLANG_WARN_ENUM_CONVERSION = YES;
				CLANG_WARN_INFINITE_RECURSION = YES;
				CLANG_WARN_INT_CONVERSION = YES;
				CLANG_WARN_NON_LITERAL_NULL_CONVERSION = YES;
				CLANG_WARN_OBJC_IMPLICIT_RETAIN_SELF = YES;
				CLANG_WARN_OBJC_LITERAL_CONVERSION = YES;
				CLANG_WARN_OBJC_ROOT_CLASS = YES_ERROR;
				CLANG_WARN_QUOTED_INCLUDE_IN_FRAMEWORK_HEADER = YES;
				CLANG_WARN_RANGE_LOOP_ANALYSIS = YES;
				CLANG_WARN_STRICT_PROTOTYPES = YES;
				CLANG_WARN_SUSPICIOUS_MOVE = YES;
				CLANG_WARN_UNGUARDED_AVAILABILITY = YES_AGGRESSIVE;
				CLANG_WARN_UNREACHABLE_CODE = YES;
				CLANG_WARN__DUPLICATE_METHOD_MATCH = YES;
				COPY_PHASE_STRIP = NO;
				DEBUG_INFORMATION_FORMAT = "dwarf-with-dsym";
				ENABLE_NS_ASSERTIONS = NO;
				ENABLE_STRICT_OBJC_MSGSEND = YES;
				GCC_C_LANGUAGE_STANDARD = gnu11;
				GCC_NO_COMMON_BLOCKS = YES;
				GCC_WARN_64_TO_32_BIT_CONVERSION = YES;
				GCC_WARN_ABOUT_RETURN_TYPE = YES_ERROR;
				GCC_WARN_UNDECLARED_SELECTOR = YES;
				GCC_WARN_UNINITIALIZED_AUTOS = YES_AGGRESSIVE;
				GCC_WARN_UNUSED_FUNCTION = YES;
				GCC_WARN_UNUSED_VARIABLE = YES;
				IPHONEOS_DEPLOYMENT_TARGET = 15.5;
				MTL_ENABLE_DEBUG_INFO = NO;
				MTL_FAST_MATH = YES;
				SDKROOT = iphoneos;
				SWIFT_COMPILATION_MODE = wholemodule;
				SWIFT_OPTIMIZATION_LEVEL = "-O";
				VALIDATE_PRODUCT = YES;
			};
			name = Release;
		};
		2F961AD2286853F600B710B8 /* Debug */ = {
			isa = XCBuildConfiguration;
			buildSettings = {
				ASSETCATALOG_COMPILER_APPICON_NAME = AppIcon;
				ASSETCATALOG_COMPILER_GLOBAL_ACCENT_COLOR_NAME = AccentColor;
				CODE_SIGN_STYLE = Automatic;
				CURRENT_PROJECT_VERSION = 1;
				GENERATE_INFOPLIST_FILE = YES;
				INFOPLIST_FILE = multiViewTask/Info.plist;
				INFOPLIST_KEY_UIApplicationSupportsIndirectInputEvents = YES;
				INFOPLIST_KEY_UILaunchStoryboardName = LaunchScreen;
				INFOPLIST_KEY_UIMainStoryboardFile = Main;
				INFOPLIST_KEY_UISupportedInterfaceOrientations_iPad = "UIInterfaceOrientationPortrait UIInterfaceOrientationPortraitUpsideDown UIInterfaceOrientationLandscapeLeft UIInterfaceOrientationLandscapeRight";
				INFOPLIST_KEY_UISupportedInterfaceOrientations_iPhone = "UIInterfaceOrientationPortrait UIInterfaceOrientationLandscapeLeft UIInterfaceOrientationLandscapeRight";
				LD_RUNPATH_SEARCH_PATHS = (
					"$(inherited)",
					"@executable_path/Frameworks",
				);
				MARKETING_VERSION = 1.0;
				PRODUCT_BUNDLE_IDENTIFIER = com.hibahabash.multiViewTask;
				PRODUCT_NAME = "$(TARGET_NAME)";
				SWIFT_EMIT_LOC_STRINGS = YES;
				SWIFT_VERSION = 5.0;
				TARGETED_DEVICE_FAMILY = "1,2";
			};
			name = Debug;
		};
		2F961AD3286853F600B710B8 /* Release */ = {
			isa = XCBuildConfiguration;
			buildSettings = {
				ASSETCATALOG_COMPILER_APPICON_NAME = AppIcon;
				ASSETCATALOG_COMPILER_GLOBAL_ACCENT_COLOR_NAME = AccentColor;
				CODE_SIGN_STYLE = Automatic;
				CURRENT_PROJECT_VERSION = 1;
				GENERATE_INFOPLIST_FILE = YES;
				INFOPLIST_FILE = multiViewTask/Info.plist;
				INFOPLIST_KEY_UIApplicationSupportsIndirectInputEvents = YES;
				INFOPLIST_KEY_UILaunchStoryboardName = LaunchScreen;
				INFOPLIST_KEY_UIMainStoryboardFile = Main;
				INFOPLIST_KEY_UISupportedInterfaceOrientations_iPad = "UIInterfaceOrientationPortrait UIInterfaceOrientationPortraitUpsideDown UIInterfaceOrientationLandscapeLeft UIInterfaceOrientationLandscapeRight";
				INFOPLIST_KEY_UISupportedInterfaceOrientations_iPhone = "UIInterfaceOrientationPortrait UIInterfaceOrientationLandscapeLeft UIInterfaceOrientationLandscapeRight";
				LD_RUNPATH_SEARCH_PATHS = (
					"$(inherited)",
					"@executable_path/Frameworks",
				);
				MARKETING_VERSION = 1.0;
				PRODUCT_BUNDLE_IDENTIFIER = com.hibahabash.multiViewTask;
				PRODUCT_NAME = "$(TARGET_NAME)";
				SWIFT_EMIT_LOC_STRINGS = YES;
				SWIFT_VERSION = 5.0;
				TARGETED_DEVICE_FAMILY = "1,2";
			};
			name = Release;
		};
/* End XCBuildConfiguration section */

/* Begin XCConfigurationList section */
		2F961AB8286853F400B710B8 /* Build configuration list for PBXProject "multiViewTask" */ = {
			isa = XCConfigurationList;
			buildConfigurations = (
				2F961ACF286853F600B710B8 /* Debug */,
				2F961AD0286853F600B710B8 /* Release */,
			);
			defaultConfigurationIsVisible = 0;
			defaultConfigurationName = Release;
		};
		2F961AD1286853F600B710B8 /* Build configuration list for PBXNativeTarget "multiViewTask" */ = {
			isa = XCConfigurationList;
			buildConfigurations = (
				2F961AD2286853F600B710B8 /* Debug */,
				2F961AD3286853F600B710B8 /* Release */,
			);
			defaultConfigurationIsVisible = 0;
			defaultConfigurationName = Release;
		};
/* End XCConfigurationList section */
	};
	rootObject = 2F961AB5286853F400B710B8 /* Project object */;
}
